
Microsoft Visual Studio Solution File, Format Version 12.00
# Visual Studio 15
VisualStudioVersion = 15.0.28307.106
MinimumVisualStudioVersion = 10.0.40219.1
Project("{FAE04EC0-301F-11D3-BF4B-00C04F79EFBC}") = "Automatyzacja", "Automatyzacja\Automatyzacja.csproj", "{365D1965-EEAC-4327-AC12-2FAA55339D65}"
EndProject
Global
	GlobalSection(SolutionConfigurationPlatforms) = preSolution
		Debug|Any CPU = Debug|Any CPU
		Release|Any CPU = Release|Any CPU
	EndGlobalSection
	GlobalSection(ProjectConfigurationPlatforms) = postSolution
		{365D1965-EEAC-4327-AC12-2FAA55339D65}.Debug|Any CPU.ActiveCfg = Debug|Any CPU
		{365D1965-EEAC-4327-AC12-2FAA55339D65}.Debug|Any CPU.Build.0 = Debug|Any CPU
		{365D1965-EEAC-4327-AC12-2FAA55339D65}.Release|Any CPU.ActiveCfg = Release|Any CPU
		{365D1965-EEAC-4327-AC12-2FAA55339D65}.Release|Any CPU.Build.0 = Release|Any CPU
	EndGlobalSection
	GlobalSection(SolutionProperties) = preSolution
		HideSolutionNode = FALSE
	EndGlobalSection
	GlobalSection(ExtensibilityGlobals) = postSolution
		SolutionGuid = {72497C2C-E1B3-4C10-AFF1-4C5F71653A9B}
	EndGlobalSection
EndGlobal
