
Microsoft Visual Studio Solution File, Format Version 12.00
# Visual Studio 15
VisualStudioVersion = 15.0.28307.106
MinimumVisualStudioVersion = 10.0.40219.1
Project("{FAE04EC0-301F-11D3-BF4B-00C04F79EFBC}") = "Automatyzacja", "Automatyzacja\Automatyzacja.csproj", "{BC0A9649-E564-4580-9078-ADF7363F4835}"
EndProject
Project("{FAE04EC0-301F-11D3-BF4B-00C04F79EFBC}") = "FirstUnitTest", "FirstUnitTest\FirstUnitTest.csproj", "{C1AEB993-BC7D-4EA4-BCD4-692F0A9B1695}"
EndProject
Project("{FAE04EC0-301F-11D3-BF4B-00C04F79EFBC}") = "MarkowiczPro", "MarkowiczPro\MarkowiczPro.csproj", "{B025D430-E7C5-45A4-A878-143A5EAA8EBF}"
EndProject
Project("{FAE04EC0-301F-11D3-BF4B-00C04F79EFBC}") = "WordPressPageObject", "WordPressPageObject\WordPressPageObject.csproj", "{52D966D2-5881-4A09-9B70-11F697E0E32A}"
EndProject
Global
	GlobalSection(SolutionConfigurationPlatforms) = preSolution
		Debug|Any CPU = Debug|Any CPU
		Release|Any CPU = Release|Any CPU
	EndGlobalSection
	GlobalSection(ProjectConfigurationPlatforms) = postSolution
		{BC0A9649-E564-4580-9078-ADF7363F4835}.Debug|Any CPU.ActiveCfg = Debug|Any CPU
		{BC0A9649-E564-4580-9078-ADF7363F4835}.Debug|Any CPU.Build.0 = Debug|Any CPU
		{BC0A9649-E564-4580-9078-ADF7363F4835}.Release|Any CPU.ActiveCfg = Release|Any CPU
		{BC0A9649-E564-4580-9078-ADF7363F4835}.Release|Any CPU.Build.0 = Release|Any CPU
		{C1AEB993-BC7D-4EA4-BCD4-692F0A9B1695}.Debug|Any CPU.ActiveCfg = Debug|Any CPU
		{C1AEB993-BC7D-4EA4-BCD4-692F0A9B1695}.Debug|Any CPU.Build.0 = Debug|Any CPU
		{C1AEB993-BC7D-4EA4-BCD4-692F0A9B1695}.Release|Any CPU.ActiveCfg = Release|Any CPU
		{C1AEB993-BC7D-4EA4-BCD4-692F0A9B1695}.Release|Any CPU.Build.0 = Release|Any CPU
		{B025D430-E7C5-45A4-A878-143A5EAA8EBF}.Debug|Any CPU.ActiveCfg = Debug|Any CPU
		{B025D430-E7C5-45A4-A878-143A5EAA8EBF}.Debug|Any CPU.Build.0 = Debug|Any CPU
		{B025D430-E7C5-45A4-A878-143A5EAA8EBF}.Release|Any CPU.ActiveCfg = Release|Any CPU
		{B025D430-E7C5-45A4-A878-143A5EAA8EBF}.Release|Any CPU.Build.0 = Release|Any CPU
		{52D966D2-5881-4A09-9B70-11F697E0E32A}.Debug|Any CPU.ActiveCfg = Debug|Any CPU
		{52D966D2-5881-4A09-9B70-11F697E0E32A}.Debug|Any CPU.Build.0 = Debug|Any CPU
		{52D966D2-5881-4A09-9B70-11F697E0E32A}.Release|Any CPU.ActiveCfg = Release|Any CPU
		{52D966D2-5881-4A09-9B70-11F697E0E32A}.Release|Any CPU.Build.0 = Release|Any CPU
	EndGlobalSection
	GlobalSection(SolutionProperties) = preSolution
		HideSolutionNode = FALSE
	EndGlobalSection
	GlobalSection(ExtensibilityGlobals) = postSolution
		SolutionGuid = {4FB4653B-F2A8-4E2A-8089-9171D74F512E}
	EndGlobalSection
EndGlobal
