
Microsoft Visual Studio Solution File, Format Version 12.00
# Visual Studio 15
VisualStudioVersion = 15.0.28307.106
MinimumVisualStudioVersion = 10.0.40219.1
Project("{FAE04EC0-301F-11D3-BF4B-00C04F79EFBC}") = "Automatyzacja", "Automatyzacja\Automatyzacja.csproj", "{15843AB8-B702-4542-A751-F5B1662DA907}"
EndProject
Project("{FAE04EC0-301F-11D3-BF4B-00C04F79EFBC}") = "FirstUnitTest", "FirstUnitTest\FirstUnitTest.csproj", "{16712A7E-337A-4CDA-BD51-3F06E0FDABAE}"
EndProject
Project("{FAE04EC0-301F-11D3-BF4B-00C04F79EFBC}") = "WordpressPageObjectTests", "WordpressPageObjectTests\WordpressPageObjectTests.csproj", "{3D08FFB6-6196-4946-9638-1163F650F134}"
EndProject
Global
	GlobalSection(SolutionConfigurationPlatforms) = preSolution
		Debug|Any CPU = Debug|Any CPU
		Release|Any CPU = Release|Any CPU
	EndGlobalSection
	GlobalSection(ProjectConfigurationPlatforms) = postSolution
		{15843AB8-B702-4542-A751-F5B1662DA907}.Debug|Any CPU.ActiveCfg = Debug|Any CPU
		{15843AB8-B702-4542-A751-F5B1662DA907}.Debug|Any CPU.Build.0 = Debug|Any CPU
		{15843AB8-B702-4542-A751-F5B1662DA907}.Release|Any CPU.ActiveCfg = Release|Any CPU
		{15843AB8-B702-4542-A751-F5B1662DA907}.Release|Any CPU.Build.0 = Release|Any CPU
		{16712A7E-337A-4CDA-BD51-3F06E0FDABAE}.Debug|Any CPU.ActiveCfg = Debug|Any CPU
		{16712A7E-337A-4CDA-BD51-3F06E0FDABAE}.Debug|Any CPU.Build.0 = Debug|Any CPU
		{16712A7E-337A-4CDA-BD51-3F06E0FDABAE}.Release|Any CPU.ActiveCfg = Release|Any CPU
		{16712A7E-337A-4CDA-BD51-3F06E0FDABAE}.Release|Any CPU.Build.0 = Release|Any CPU
		{3D08FFB6-6196-4946-9638-1163F650F134}.Debug|Any CPU.ActiveCfg = Debug|Any CPU
		{3D08FFB6-6196-4946-9638-1163F650F134}.Debug|Any CPU.Build.0 = Debug|Any CPU
		{3D08FFB6-6196-4946-9638-1163F650F134}.Release|Any CPU.ActiveCfg = Release|Any CPU
		{3D08FFB6-6196-4946-9638-1163F650F134}.Release|Any CPU.Build.0 = Release|Any CPU
	EndGlobalSection
	GlobalSection(SolutionProperties) = preSolution
		HideSolutionNode = FALSE
	EndGlobalSection
	GlobalSection(ExtensibilityGlobals) = postSolution
		SolutionGuid = {B8384DBA-F3BE-4DF1-92D2-3380940FB586}
	EndGlobalSection
EndGlobal
